
Microsoft Visual Studio Solution File, Format Version 12.00
# Visual Studio 14
VisualStudioVersion = 14.0.25420.1
MinimumVisualStudioVersion = 10.0.40219.1
Project("{FAE04EC0-301F-11D3-BF4B-00C04F79EFBC}") = "FE.Creator.ObjectRepository", "FE.Creator.ObjectRepository\FE.Creator.ObjectRepository.csproj", "{742E3995-C77D-46B4-B2DD-95FC46315CDF}"
EndProject
Project("{FAE04EC0-301F-11D3-BF4B-00C04F79EFBC}") = "FE.Creator.UT", "FE.Creator.UT\FE.Creator.UT.csproj", "{C0FB492C-C1F9-44FA-9DC5-336FEA89028B}"
EndProject
Project("{FAE04EC0-301F-11D3-BF4B-00C04F79EFBC}") = "FE.Creator.Admin", "FE.Creator.Admin\FE.Creator.Admin.csproj", "{87733B95-05D5-4C23-944B-39114B818E6D}"
EndProject
Project("{FAE04EC0-301F-11D3-BF4B-00C04F79EFBC}") = "FE.Creator.FileStorage", "FE.Creator.FileStorage\FE.Creator.FileStorage.csproj", "{7C9AA71D-9792-475B-891B-4EAA816C5562}"
EndProject
Project("{FAE04EC0-301F-11D3-BF4B-00C04F79EFBC}") = "FE.Creator.Cryptography", "FE.Creator.Cryptography\FE.Creator.Cryptography.csproj", "{49DBE775-5DB9-486D-8FD2-02E1DB3DBA3F}"
EndProject
Global
	GlobalSection(SolutionConfigurationPlatforms) = preSolution
		Debug|Any CPU = Debug|Any CPU
		Release|Any CPU = Release|Any CPU
	EndGlobalSection
	GlobalSection(ProjectConfigurationPlatforms) = postSolution
		{742E3995-C77D-46B4-B2DD-95FC46315CDF}.Debug|Any CPU.ActiveCfg = Debug|Any CPU
		{742E3995-C77D-46B4-B2DD-95FC46315CDF}.Debug|Any CPU.Build.0 = Debug|Any CPU
		{742E3995-C77D-46B4-B2DD-95FC46315CDF}.Release|Any CPU.ActiveCfg = Release|Any CPU
		{742E3995-C77D-46B4-B2DD-95FC46315CDF}.Release|Any CPU.Build.0 = Release|Any CPU
		{C0FB492C-C1F9-44FA-9DC5-336FEA89028B}.Debug|Any CPU.ActiveCfg = Debug|Any CPU
		{C0FB492C-C1F9-44FA-9DC5-336FEA89028B}.Debug|Any CPU.Build.0 = Debug|Any CPU
		{C0FB492C-C1F9-44FA-9DC5-336FEA89028B}.Release|Any CPU.ActiveCfg = Release|Any CPU
		{C0FB492C-C1F9-44FA-9DC5-336FEA89028B}.Release|Any CPU.Build.0 = Release|Any CPU
		{87733B95-05D5-4C23-944B-39114B818E6D}.Debug|Any CPU.ActiveCfg = Debug|Any CPU
		{87733B95-05D5-4C23-944B-39114B818E6D}.Debug|Any CPU.Build.0 = Debug|Any CPU
		{87733B95-05D5-4C23-944B-39114B818E6D}.Release|Any CPU.ActiveCfg = Release|Any CPU
		{87733B95-05D5-4C23-944B-39114B818E6D}.Release|Any CPU.Build.0 = Release|Any CPU
		{7C9AA71D-9792-475B-891B-4EAA816C5562}.Debug|Any CPU.ActiveCfg = Debug|Any CPU
		{7C9AA71D-9792-475B-891B-4EAA816C5562}.Debug|Any CPU.Build.0 = Debug|Any CPU
		{7C9AA71D-9792-475B-891B-4EAA816C5562}.Release|Any CPU.ActiveCfg = Release|Any CPU
		{7C9AA71D-9792-475B-891B-4EAA816C5562}.Release|Any CPU.Build.0 = Release|Any CPU
		{49DBE775-5DB9-486D-8FD2-02E1DB3DBA3F}.Debug|Any CPU.ActiveCfg = Debug|Any CPU
		{49DBE775-5DB9-486D-8FD2-02E1DB3DBA3F}.Debug|Any CPU.Build.0 = Debug|Any CPU
		{49DBE775-5DB9-486D-8FD2-02E1DB3DBA3F}.Release|Any CPU.ActiveCfg = Release|Any CPU
		{49DBE775-5DB9-486D-8FD2-02E1DB3DBA3F}.Release|Any CPU.Build.0 = Release|Any CPU
	EndGlobalSection
	GlobalSection(SolutionProperties) = preSolution
		HideSolutionNode = FALSE
	EndGlobalSection
EndGlobal
